
Microsoft Visual Studio Solution File, Format Version 12.00
# Visual Studio Express 2012 for Windows Desktop
Project("{FAE04EC0-301F-11D3-BF4B-00C04F79EFBC}") = "WilksTable", "WindowsFormsApplication1\WilksTable.csproj", "{EC11871E-F083-46BC-95D9-1AD24A0E5FDB}"
EndProject
Global
	GlobalSection(SolutionConfigurationPlatforms) = preSolution
		Debug|Any CPU = Debug|Any CPU
		Debug|x86 = Debug|x86
		Release|Any CPU = Release|Any CPU
		Release|x86 = Release|x86
	EndGlobalSection
	GlobalSection(ProjectConfigurationPlatforms) = postSolution
		{EC11871E-F083-46BC-95D9-1AD24A0E5FDB}.Debug|Any CPU.ActiveCfg = Debug|Any CPU
		{EC11871E-F083-46BC-95D9-1AD24A0E5FDB}.Debug|Any CPU.Build.0 = Debug|Any CPU
		{EC11871E-F083-46BC-95D9-1AD24A0E5FDB}.Debug|x86.ActiveCfg = Debug|x86
		{EC11871E-F083-46BC-95D9-1AD24A0E5FDB}.Debug|x86.Build.0 = Debug|x86
		{EC11871E-F083-46BC-95D9-1AD24A0E5FDB}.Release|Any CPU.ActiveCfg = Release|Any CPU
		{EC11871E-F083-46BC-95D9-1AD24A0E5FDB}.Release|Any CPU.Build.0 = Release|Any CPU
		{EC11871E-F083-46BC-95D9-1AD24A0E5FDB}.Release|x86.ActiveCfg = Release|x86
		{EC11871E-F083-46BC-95D9-1AD24A0E5FDB}.Release|x86.Build.0 = Release|x86
	EndGlobalSection
	GlobalSection(SolutionProperties) = preSolution
		HideSolutionNode = FALSE
	EndGlobalSection
EndGlobal
